// !$*UTF8*$!
{
	archiveVersion = 1;
	classes = {
	};
	objectVersion = 46;
	objects = {

/* Begin PBXBuildFile section */
		BC740B581C02EF640010E5FD /* main.m in Sources */ = {isa = PBXBuildFile; fileRef = BC740B571C02EF640010E5FD /* main.m */; };
		BC740B5B1C02EF640010E5FD /* AppDelegate.m in Sources */ = {isa = PBXBuildFile; fileRef = BC740B5A1C02EF640010E5FD /* AppDelegate.m */; };
		BC740B5E1C02EF640010E5FD /* ViewController.m in Sources */ = {isa = PBXBuildFile; fileRef = BC740B5D1C02EF640010E5FD /* ViewController.m */; };
		BC740B611C02EF650010E5FD /* Main.storyboard in Resources */ = {isa = PBXBuildFile; fileRef = BC740B5F1C02EF650010E5FD /* Main.storyboard */; };
		BC740B631C02EF650010E5FD /* Images.xcassets in Resources */ = {isa = PBXBuildFile; fileRef = BC740B621C02EF650010E5FD /* Images.xcassets */; };
		BC740B661C02EF650010E5FD /* LaunchScreen.xib in Resources */ = {isa = PBXBuildFile; fileRef = BC740B641C02EF650010E5FD /* LaunchScreen.xib */; };
		BC740B721C02EF650010E5FD /* TestTests.m in Sources */ = {isa = PBXBuildFile; fileRef = BC740B711C02EF650010E5FD /* TestTests.m */; };
/* End PBXBuildFile section */

/* Begin PBXContainerItemProxy section */
		BC740B6C1C02EF650010E5FD /* PBXContainerItemProxy */ = {
			isa = PBXContainerItemProxy;
			containerPortal = BC740B4A1C02EF640010E5FD /* Project object */;
			proxyType = 1;
			remoteGlobalIDString = BC740B511C02EF640010E5FD;
			remoteInfo = Test;
		};
/* End PBXContainerItemProxy section */

/* Begin PBXFileReference section */
		BC740B521C02EF640010E5FD /* Test.app */ = {isa = PBXFileReference; explicitFileType = wrapper.application; includeInIndex = 0; path = Test.app; sourceTree = BUILT_PRODUCTS_DIR; };
		BC740B561C02EF640010E5FD /* Info.plist */ = {isa = PBXFileReference; lastKnownFileType = text.plist.xml; path = Info.plist; sourceTree = "<group>"; };
		BC740B571C02EF640010E5FD /* main.m */ = {isa = PBXFileReference; lastKnownFileType = sourcecode.c.objc; path = main.m; sourceTree = "<group>"; };
		BC740B591C02EF640010E5FD /* AppDelegate.h */ = {isa = PBXFileReference; lastKnownFileType = sourcecode.c.h; path = AppDelegate.h; sourceTree = "<group>"; };
		BC740B5A1C02EF640010E5FD /* AppDelegate.m */ = {isa = PBXFileReference; lastKnownFileType = sourcecode.c.objc; path = AppDelegate.m; sourceTree = "<group>"; };
		BC740B5C1C02EF640010E5FD /* ViewController.h */ = {isa = PBXFileReference; lastKnownFileType = sourcecode.c.h; path = ViewController.h; sourceTree = "<group>"; };
		BC740B5D1C02EF640010E5FD /* ViewController.m */ = {isa = PBXFileReference; lastKnownFileType = sourcecode.c.objc; path = ViewController.m; sourceTree = "<group>"; };
		BC740B601C02EF650010E5FD /* Base */ = {isa = PBXFileReference; lastKnownFileType = file.storyboard; name = Base; path = Base.lproj/Main.storyboard; sourceTree = "<group>"; };
		BC740B621C02EF650010E5FD /* Images.xcassets */ = {isa = PBXFileReference; lastKnownFileType = folder.assetcatalog; path = Images.xcassets; sourceTree = "<group>"; };
		BC740B651C02EF650010E5FD /* Base */ = {isa = PBXFileReference; lastKnownFileType = file.xib; name = Base; path = Base.lproj/LaunchScreen.xib; sourceTree = "<group>"; };
		BC740B6B1C02EF650010E5FD /* TestTests.xctest */ = {isa = PBXFileReference; explicitFileType = wrapper.cfbundle; includeInIndex = 0; path = TestTests.xctest; sourceTree = BUILT_PRODUCTS_DIR; };
		BC740B701C02EF650010E5FD /* Info.plist */ = {isa = PBXFileReference; lastKnownFileType = text.plist.xml; path = Info.plist; sourceTree = "<group>"; };
		BC740B711C02EF650010E5FD /* TestTests.m */ = {isa = PBXFileReference; lastKnownFileType = sourcecode.c.objc; path = TestTests.m; sourceTree = "<group>"; };
/* End PBXFileReference section */

/* Begin PBXFrameworksBuildPhase section */
		BC740B4F1C02EF640010E5FD /* Frameworks */ = {
			isa = PBXFrameworksBuildPhase;
			buildActionMask = 2147483647;
			files = (
			);
			runOnlyForDeploymentPostprocessing = 0;
		};
		BC740B681C02EF650010E5FD /* Frameworks */ = {
			isa = PBXFrameworksBuildPhase;
			buildActionMask = 2147483647;
			files = (
			);
			runOnlyForDeploymentPostprocessing = 0;
		};
/* End PBXFrameworksBuildPhase section */

/* Begin PBXGroup section */
		BC740B491C02EF640010E5FD = {
			isa = PBXGroup;
			children = (
				BC740B541C02EF640010E5FD /* Test */,
				BC740B6E1C02EF650010E5FD /* TestTests */,
				BC740B531C02EF640010E5FD /* Products */,
			);
			sourceTree = "<group>";
		};
		BC740B531C02EF640010E5FD /* Products */ = {
			isa = PBXGroup;
			children = (
				BC740B521C02EF640010E5FD /* Test.app */,
				BC740B6B1C02EF650010E5FD /* TestTests.xctest */,
			);
			name = Products;
			sourceTree = "<group>";
		};
		BC740B541C02EF640010E5FD /* Test */ = {
			isa = PBXGroup;
			children = (
				BC740B591C02EF640010E5FD /* AppDelegate.h */,
				BC740B5A1C02EF640010E5FD /* AppDelegate.m */,
				BC740B5C1C02EF640010E5FD /* ViewController.h */,
				BC740B5D1C02EF640010E5FD /* ViewController.m */,
				BC740B5F1C02EF650010E5FD /* Main.storyboard */,
				BC740B621C02EF650010E5FD /* Images.xcassets */,
				BC740B641C02EF650010E5FD /* LaunchScreen.xib */,
				BC740B551C02EF640010E5FD /* Supporting Files */,
			);
			path = Test;
			sourceTree = "<group>";
		};
		BC740B551C02EF640010E5FD /* Supporting Files */ = {
			isa = PBXGroup;
			children = (
				BC740B561C02EF640010E5FD /* Info.plist */,
				BC740B571C02EF640010E5FD /* main.m */,
			);
			name = "Supporting Files";
			sourceTree = "<group>";
		};
		BC740B6E1C02EF650010E5FD /* TestTests */ = {
			isa = PBXGroup;
			children = (
				BC740B711C02EF650010E5FD /* TestTests.m */,
				BC740B6F1C02EF650010E5FD /* Supporting Files */,
			);
			path = TestTests;
			sourceTree = "<group>";
		};
		BC740B6F1C02EF650010E5FD /* Supporting Files */ = {
			isa = PBXGroup;
			children = (
				BC740B701C02EF650010E5FD /* Info.plist */,
			);
			name = "Supporting Files";
			sourceTree = "<group>";
		};
/* End PBXGroup section */

/* Begin PBXNativeTarget section */
		BC740B511C02EF640010E5FD /* Test */ = {
			isa = PBXNativeTarget;
			buildConfigurationList = BC740B751C02EF650010E5FD /* Build configuration list for PBXNativeTarget "Test" */;
			buildPhases = (
				BC740B4E1C02EF640010E5FD /* Sources */,
				BC740B4F1C02EF640010E5FD /* Frameworks */,
				BC740B501C02EF640010E5FD /* Resources */,
			);
			buildRules = (
			);
			dependencies = (
			);
			name = Test;
			productName = Test;
			productReference = BC740B521C02EF640010E5FD /* Test.app */;
			productType = "com.apple.product-type.application";
		};
		BC740B6A1C02EF650010E5FD /* TestTests */ = {
			isa = PBXNativeTarget;
			buildConfigurationList = BC740B781C02EF650010E5FD /* Build configuration list for PBXNativeTarget "TestTests" */;
			buildPhases = (
				BC740B671C02EF650010E5FD /* Sources */,
				BC740B681C02EF650010E5FD /* Frameworks */,
				BC740B691C02EF650010E5FD /* Resources */,
			);
			buildRules = (
			);
			dependencies = (
				BC740B6D1C02EF650010E5FD /* PBXTargetDependency */,
			);
			name = TestTests;
			productName = TestTests;
			productReference = BC740B6B1C02EF650010E5FD /* TestTests.xctest */;
			productType = "com.apple.product-type.bundle.unit-test";
		};
/* End PBXNativeTarget section */

/* Begin PBXProject section */
		BC740B4A1C02EF640010E5FD /* Project object */ = {
			isa = PBXProject;
			attributes = {
				LastUpgradeCheck = 0630;
				ORGANIZATIONNAME = qianfeng;
				TargetAttributes = {
					BC740B511C02EF640010E5FD = {
						CreatedOnToolsVersion = 6.3;
					};
					BC740B6A1C02EF650010E5FD = {
						CreatedOnToolsVersion = 6.3;
						TestTargetID = BC740B511C02EF640010E5FD;
					};
				};
			};
			buildConfigurationList = BC740B4D1C02EF640010E5FD /* Build configuration list for PBXProject "Test" */;
			compatibilityVersion = "Xcode 3.2";
			developmentRegion = English;
			hasScannedForEncodings = 0;
			knownRegions = (
				en,
				Base,
			);
			mainGroup = BC740B491C02EF640010E5FD;
			productRefGroup = BC740B531C02EF640010E5FD /* Products */;
			projectDirPath = "";
			projectRoot = "";
			targets = (
				BC740B511C02EF640010E5FD /* Test */,
				BC740B6A1C02EF650010E5FD /* TestTests */,
			);
		};
/* End PBXProject section */

/* Begin PBXResourcesBuildPhase section */
		BC740B501C02EF640010E5FD /* Resources */ = {
			isa = PBXResourcesBuildPhase;
			buildActionMask = 2147483647;
			files = (
				BC740B611C02EF650010E5FD /* Main.storyboard in Resources */,
				BC740B661C02EF650010E5FD /* LaunchScreen.xib in Resources */,
				BC740B631C02EF650010E5FD /* Images.xcassets in Resources */,
			);
			runOnlyForDeploymentPostprocessing = 0;
		};
		BC740B691C02EF650010E5FD /* Resources */ = {
			isa = PBXResourcesBuildPhase;
			buildActionMask = 2147483647;
			files = (
			);
			runOnlyForDeploymentPostprocessing = 0;
		};
/* End PBXResourcesBuildPhase section */

/* Begin PBXSourcesBuildPhase section */
		BC740B4E1C02EF640010E5FD /* Sources */ = {
			isa = PBXSourcesBuildPhase;
			buildActionMask = 2147483647;
			files = (
				BC740B5E1C02EF640010E5FD /* ViewController.m in Sources */,
				BC740B5B1C02EF640010E5FD /* AppDelegate.m in Sources */,
				BC740B581C02EF640010E5FD /* main.m in Sources */,
			);
			runOnlyForDeploymentPostprocessing = 0;
		};
		BC740B671C02EF650010E5FD /* Sources */ = {
			isa = PBXSourcesBuildPhase;
			buildActionMask = 2147483647;
			files = (
				BC740B721C02EF650010E5FD /* TestTests.m in Sources */,
			);
			runOnlyForDeploymentPostprocessing = 0;
		};
/* End PBXSourcesBuildPhase section */

/* Begin PBXTargetDependency section */
		BC740B6D1C02EF650010E5FD /* PBXTargetDependency */ = {
			isa = PBXTargetDependency;
			target = BC740B511C02EF640010E5FD /* Test */;
			targetProxy = BC740B6C1C02EF650010E5FD /* PBXContainerItemProxy */;
		};
/* End PBXTargetDependency section */

/* Begin PBXVariantGroup section */
		BC740B5F1C02EF650010E5FD /* Main.storyboard */ = {
			isa = PBXVariantGroup;
			children = (
				BC740B601C02EF650010E5FD /* Base */,
			);
			name = Main.storyboard;
			sourceTree = "<group>";
		};
		BC740B641C02EF650010E5FD /* LaunchScreen.xib */ = {
			isa = PBXVariantGroup;
			children = (
				BC740B651C02EF650010E5FD /* Base */,
			);
			name = LaunchScreen.xib;
			sourceTree = "<group>";
		};
/* End PBXVariantGroup section */

/* Begin XCBuildConfiguration section */
		BC740B731C02EF650010E5FD /* Debug */ = {
			isa = XCBuildConfiguration;
			buildSettings = {
				ALWAYS_SEARCH_USER_PATHS = NO;
				CLANG_CXX_LANGUAGE_STANDARD = "gnu++0x";
				CLANG_CXX_LIBRARY = "libc++";
				CLANG_ENABLE_MODULES = YES;
				CLANG_ENABLE_OBJC_ARC = YES;
				CLANG_WARN_BOOL_CONVERSION = YES;
				CLANG_WARN_CONSTANT_CONVERSION = YES;
				CLANG_WARN_DIRECT_OBJC_ISA_USAGE = YES_ERROR;
				CLANG_WARN_EMPTY_BODY = YES;
				CLANG_WARN_ENUM_CONVERSION = YES;
				CLANG_WARN_INT_CONVERSION = YES;
				CLANG_WARN_OBJC_ROOT_CLASS = YES_ERROR;
				CLANG_WARN_UNREACHABLE_CODE = YES;
				CLANG_WARN__DUPLICATE_METHOD_MATCH = YES;
				"CODE_SIGN_IDENTITY[sdk=iphoneos*]" = "iPhone Developer";
				COPY_PHASE_STRIP = NO;
				DEBUG_INFORMATION_FORMAT = "dwarf-with-dsym";
				ENABLE_STRICT_OBJC_MSGSEND = YES;
				GCC_C_LANGUAGE_STANDARD = gnu99;
				GCC_DYNAMIC_NO_PIC = NO;
				GCC_NO_COMMON_BLOCKS = YES;
				GCC_OPTIMIZATION_LEVEL = 0;
				GCC_PREPROCESSOR_DEFINITIONS = (
					"DEBUG=1",
					"$(inherited)",
				);
				GCC_SYMBOLS_PRIVATE_EXTERN = NO;
				GCC_WARN_64_TO_32_BIT_CONVERSION = YES;
				GCC_WARN_ABOUT_RETURN_TYPE = YES_ERROR;
				GCC_WARN_UNDECLARED_SELECTOR = YES;
				GCC_WARN_UNINITIALIZED_AUTOS = YES_AGGRESSIVE;
				GCC_WARN_UNUSED_FUNCTION = YES;
				GCC_WARN_UNUSED_VARIABLE = YES;
				IPHONEOS_DEPLOYMENT_TARGET = 8.3;
				MTL_ENABLE_DEBUG_INFO = YES;
				ONLY_ACTIVE_ARCH = YES;
				SDKROOT = iphoneos;
			};
			name = Debug;
		};
		BC740B741C02EF650010E5FD /* Release */ = {
			isa = XCBuildConfiguration;
			buildSettings = {
				ALWAYS_SEARCH_USER_PATHS = NO;
				CLANG_CXX_LANGUAGE_STANDARD = "gnu++0x";
				CLANG_CXX_LIBRARY = "libc++";
				CLANG_ENABLE_MODULES = YES;
				CLANG_ENABLE_OBJC_ARC = YES;
				CLANG_WARN_BOOL_CONVERSION = YES;
				CLANG_WARN_CONSTANT_CONVERSION = YES;
				CLANG_WARN_DIRECT_OBJC_ISA_USAGE = YES_ERROR;
				CLANG_WARN_EMPTY_BODY = YES;
				CLANG_WARN_ENUM_CONVERSION = YES;
				CLANG_WARN_INT_CONVERSION = YES;
				CLANG_WARN_OBJC_ROOT_CLASS = YES_ERROR;
				CLANG_WARN_UNREACHABLE_CODE = YES;
				CLANG_WARN__DUPLICATE_METHOD_MATCH = YES;
				"CODE_SIGN_IDENTITY[sdk=iphoneos*]" = "iPhone Developer";
				COPY_PHASE_STRIP = NO;
				DEBUG_INFORMATION_FORMAT = "dwarf-with-dsym";
				ENABLE_NS_ASSERTIONS = NO;
				ENABLE_STRICT_OBJC_MSGSEND = YES;
				GCC_C_LANGUAGE_STANDARD = gnu99;
				GCC_NO_COMMON_BLOCKS = YES;
				GCC_WARN_64_TO_32_BIT_CONVERSION = YES;
				GCC_WARN_ABOUT_RETURN_TYPE = YES_ERROR;
				GCC_WARN_UNDECLARED_SELECTOR = YES;
				GCC_WARN_UNINITIALIZED_AUTOS = YES_AGGRESSIVE;
				GCC_WARN_UNUSED_FUNCTION = YES;
				GCC_WARN_UNUSED_VARIABLE = YES;
				IPHONEOS_DEPLOYMENT_TARGET = 8.3;
				MTL_ENABLE_DEBUG_INFO = NO;
				SDKROOT = iphoneos;
				VALIDATE_PRODUCT = YES;
			};
			name = Release;
		};
		BC740B761C02EF650010E5FD /* Debug */ = {
			isa = XCBuildConfiguration;
			buildSettings = {
				ASSETCATALOG_COMPILER_APPICON_NAME = AppIcon;
				INFOPLIST_FILE = Test/Info.plist;
				LD_RUNPATH_SEARCH_PATHS = "$(inherited) @executable_path/Frameworks";
				PRODUCT_NAME = "$(TARGET_NAME)";
			};
			name = Debug;
		};
		BC740B771C02EF650010E5FD /* Release */ = {
			isa = XCBuildConfiguration;
			buildSettings = {
				ASSETCATALOG_COMPILER_APPICON_NAME = AppIcon;
				INFOPLIST_FILE = Test/Info.plist;
				LD_RUNPATH_SEARCH_PATHS = "$(inherited) @executable_path/Frameworks";
				PRODUCT_NAME = "$(TARGET_NAME)";
			};
			name = Release;
		};
		BC740B791C02EF650010E5FD /* Debug */ = {
			isa = XCBuildConfiguration;
			buildSettings = {
				BUNDLE_LOADER = "$(TEST_HOST)";
				FRAMEWORK_SEARCH_PATHS = (
					"$(SDKROOT)/Developer/Library/Frameworks",
					"$(inherited)",
				);
				GCC_PREPROCESSOR_DEFINITIONS = (
					"DEBUG=1",
					"$(inherited)",
				);
				INFOPLIST_FILE = TestTests/Info.plist;
				LD_RUNPATH_SEARCH_PATHS = "$(inherited) @executable_path/Frameworks @loader_path/Frameworks";
				PRODUCT_NAME = "$(TARGET_NAME)";
				TEST_HOST = "$(BUILT_PRODUCTS_DIR)/Test.app/Test";
			};
			name = Debug;
		};
		BC740B7A1C02EF650010E5FD /* Release */ = {
			isa = XCBuildConfiguration;
			buildSettings = {
				BUNDLE_LOADER = "$(TEST_HOST)";
				FRAMEWORK_SEARCH_PATHS = (
					"$(SDKROOT)/Developer/Library/Frameworks",
					"$(inherited)",
				);
				INFOPLIST_FILE = TestTests/Info.plist;
				LD_RUNPATH_SEARCH_PATHS = "$(inherited) @executable_path/Frameworks @loader_path/Frameworks";
				PRODUCT_NAME = "$(TARGET_NAME)";
				TEST_HOST = "$(BUILT_PRODUCTS_DIR)/Test.app/Test";
			};
			name = Release;
		};
/* End XCBuildConfiguration section */

/* Begin XCConfigurationList section */
		BC740B4D1C02EF640010E5FD /* Build configuration list for PBXProject "Test" */ = {
			isa = XCConfigurationList;
			buildConfigurations = (
				BC740B731C02EF650010E5FD /* Debug */,
				BC740B741C02EF650010E5FD /* Release */,
			);
			defaultConfigurationIsVisible = 0;
			defaultConfigurationName = Release;
		};
		BC740B751C02EF650010E5FD /* Build configuration list for PBXNativeTarget "Test" */ = {
			isa = XCConfigurationList;
			buildConfigurations = (
				BC740B761C02EF650010E5FD /* Debug */,
				BC740B771C02EF650010E5FD /* Release */,
			);
			defaultConfigurationIsVisible = 0;
		};
		BC740B781C02EF650010E5FD /* Build configuration list for PBXNativeTarget "TestTests" */ = {
			isa = XCConfigurationList;
			buildConfigurations = (
				BC740B791C02EF650010E5FD /* Debug */,
				BC740B7A1C02EF650010E5FD /* Release */,
			);
			defaultConfigurationIsVisible = 0;
		};
/* End XCConfigurationList section */
	};
	rootObject = BC740B4A1C02EF640010E5FD /* Project object */;
}
